
Microsoft Visual Studio Solution File, Format Version 12.00
# Visual Studio Version 17
VisualStudioVersion = 17.9.34728.123
MinimumVisualStudioVersion = 10.0.40219.1
Project("{9A19103F-16F7-4668-BE54-9A1E7A4F7556}") = "IdeogramAPIClient", "IdeogramAPI\IdeogramAPIClient.csproj", "{3DFD03FC-9AAC-40A4-A883-AF9CA25D0055}"
EndProject
Project("{9A19103F-16F7-4668-BE54-9A1E7A4F7556}") = "BFLAPIClient", "BFLApi\BFLAPIClient.csproj", "{F68A7365-F772-4BD7-867B-A3E4A5D6DC5E}"
EndProject
Project("{9A19103F-16F7-4668-BE54-9A1E7A4F7556}") = "MultiImageClient", "MultiImageClient\MultiImageClient.csproj", "{0AB858B6-6624-452A-A126-9851F2552B0A}"
EndProject
Project("{9A19103F-16F7-4668-BE54-9A1E7A4F7556}") = "ImageGenerationClasses", "ImageGenerationClasses\ImageGenerationClasses.csproj", "{3E7F378B-7AC6-4904-B775-E4B4CC69AB5B}"
EndProject
Project("{888888A0-9F3D-457C-B088-3A5042F75D52}") = "djangoManager", "djangoManager\djangoManager.pyproj", "{19FF410A-88E1-4558-8F50-8C6FCCAC2B07}"
EndProject
Global
	GlobalSection(SolutionConfigurationPlatforms) = preSolution
		Debug|Any CPU = Debug|Any CPU
		Debug|ARM64 = Debug|ARM64
		Release|Any CPU = Release|Any CPU
		Release|ARM64 = Release|ARM64
	EndGlobalSection
	GlobalSection(ProjectConfigurationPlatforms) = postSolution
		{3DFD03FC-9AAC-40A4-A883-AF9CA25D0055}.Debug|Any CPU.ActiveCfg = Debug|Any CPU
		{3DFD03FC-9AAC-40A4-A883-AF9CA25D0055}.Debug|Any CPU.Build.0 = Debug|Any CPU
		{3DFD03FC-9AAC-40A4-A883-AF9CA25D0055}.Debug|ARM64.ActiveCfg = Debug|ARM64
		{3DFD03FC-9AAC-40A4-A883-AF9CA25D0055}.Debug|ARM64.Build.0 = Debug|ARM64
		{3DFD03FC-9AAC-40A4-A883-AF9CA25D0055}.Release|Any CPU.ActiveCfg = Release|Any CPU
		{3DFD03FC-9AAC-40A4-A883-AF9CA25D0055}.Release|Any CPU.Build.0 = Release|Any CPU
		{3DFD03FC-9AAC-40A4-A883-AF9CA25D0055}.Release|ARM64.ActiveCfg = Release|ARM64
		{3DFD03FC-9AAC-40A4-A883-AF9CA25D0055}.Release|ARM64.Build.0 = Release|ARM64
		{F68A7365-F772-4BD7-867B-A3E4A5D6DC5E}.Debug|Any CPU.ActiveCfg = Debug|Any CPU
		{F68A7365-F772-4BD7-867B-A3E4A5D6DC5E}.Debug|Any CPU.Build.0 = Debug|Any CPU
		{F68A7365-F772-4BD7-867B-A3E4A5D6DC5E}.Debug|ARM64.ActiveCfg = Debug|ARM64
		{F68A7365-F772-4BD7-867B-A3E4A5D6DC5E}.Debug|ARM64.Build.0 = Debug|ARM64
		{F68A7365-F772-4BD7-867B-A3E4A5D6DC5E}.Release|Any CPU.ActiveCfg = Release|Any CPU
		{F68A7365-F772-4BD7-867B-A3E4A5D6DC5E}.Release|Any CPU.Build.0 = Release|Any CPU
		{F68A7365-F772-4BD7-867B-A3E4A5D6DC5E}.Release|ARM64.ActiveCfg = Release|ARM64
		{F68A7365-F772-4BD7-867B-A3E4A5D6DC5E}.Release|ARM64.Build.0 = Release|ARM64
		{0AB858B6-6624-452A-A126-9851F2552B0A}.Debug|Any CPU.ActiveCfg = Debug|Any CPU
		{0AB858B6-6624-452A-A126-9851F2552B0A}.Debug|Any CPU.Build.0 = Debug|Any CPU
		{0AB858B6-6624-452A-A126-9851F2552B0A}.Debug|ARM64.ActiveCfg = Debug|ARM64
		{0AB858B6-6624-452A-A126-9851F2552B0A}.Debug|ARM64.Build.0 = Debug|ARM64
		{0AB858B6-6624-452A-A126-9851F2552B0A}.Release|Any CPU.ActiveCfg = Release|Any CPU
		{0AB858B6-6624-452A-A126-9851F2552B0A}.Release|Any CPU.Build.0 = Release|Any CPU
		{0AB858B6-6624-452A-A126-9851F2552B0A}.Release|ARM64.ActiveCfg = Release|ARM64
		{0AB858B6-6624-452A-A126-9851F2552B0A}.Release|ARM64.Build.0 = Release|ARM64
		{3E7F378B-7AC6-4904-B775-E4B4CC69AB5B}.Debug|Any CPU.ActiveCfg = Debug|Any CPU
		{3E7F378B-7AC6-4904-B775-E4B4CC69AB5B}.Debug|Any CPU.Build.0 = Debug|Any CPU
		{3E7F378B-7AC6-4904-B775-E4B4CC69AB5B}.Debug|ARM64.ActiveCfg = Debug|ARM64
		{3E7F378B-7AC6-4904-B775-E4B4CC69AB5B}.Debug|ARM64.Build.0 = Debug|ARM64
		{3E7F378B-7AC6-4904-B775-E4B4CC69AB5B}.Release|Any CPU.ActiveCfg = Release|Any CPU
		{3E7F378B-7AC6-4904-B775-E4B4CC69AB5B}.Release|Any CPU.Build.0 = Release|Any CPU
		{3E7F378B-7AC6-4904-B775-E4B4CC69AB5B}.Release|ARM64.ActiveCfg = Release|ARM64
		{3E7F378B-7AC6-4904-B775-E4B4CC69AB5B}.Release|ARM64.Build.0 = Release|ARM64
		{19FF410A-88E1-4558-8F50-8C6FCCAC2B07}.Debug|Any CPU.ActiveCfg = Debug|Any CPU
		{19FF410A-88E1-4558-8F50-8C6FCCAC2B07}.Debug|ARM64.ActiveCfg = Debug|Any CPU
		{19FF410A-88E1-4558-8F50-8C6FCCAC2B07}.Release|Any CPU.ActiveCfg = Release|Any CPU
		{19FF410A-88E1-4558-8F50-8C6FCCAC2B07}.Release|ARM64.ActiveCfg = Release|Any CPU
	EndGlobalSection
	GlobalSection(SolutionProperties) = preSolution
		HideSolutionNode = FALSE
	EndGlobalSection
	GlobalSection(ExtensibilityGlobals) = postSolution
		SolutionGuid = {9F186CA4-8488-45D0-8D14-EEB629EF46DE}
	EndGlobalSection
EndGlobal
